
Microsoft Visual Studio Solution File, Format Version 12.00
# Visual Studio Version 17
VisualStudioVersion = 17.11.35222.181
MinimumVisualStudioVersion = 10.0.40219.1
Project("{2150E333-8FDC-42A3-9474-1A3956D46DE8}") = "Application", "Application", "{DC1EE7CA-77B6-4C74-8DFB-DC8D6C5AEBD1}"
EndProject
Project("{2150E333-8FDC-42A3-9474-1A3956D46DE8}") = "Domain", "Domain", "{F009C1D4-91E2-4440-B5EA-793A35801A5C}"
EndProject
Project("{2150E333-8FDC-42A3-9474-1A3956D46DE8}") = "Infrastructure", "Infrastructure", "{94AAF80E-042F-49D3-B187-B82D778F3CC2}"
EndProject
Project("{2150E333-8FDC-42A3-9474-1A3956D46DE8}") = "Tests", "Tests", "{BDBE5EE0-FECD-44F6-A15A-B7A38C7E493C}"
EndProject
Project("{9A19103F-16F7-4668-BE54-9A1E7A4F7556}") = "A6IZUK_HSZF_2024251.Application", "A6IZUK_HSZF_2024251.Application\A6IZUK_HSZF_2024251.Application.csproj", "{6F04792B-C4F7-4BD7-945C-9FF077D3902F}"
EndProject
Project("{9A19103F-16F7-4668-BE54-9A1E7A4F7556}") = "A6IZUK_HSZF_2024251.Model", "A6IZUK_HSZF_2024251.Model\A6IZUK_HSZF_2024251.Model.csproj", "{BAF366CF-C734-426C-877B-E6ADC91AE03F}"
EndProject
Project("{9A19103F-16F7-4668-BE54-9A1E7A4F7556}") = "A6IZUK_HSZF_2024251.Persistence.MsSql", "A6IZUK_HSZF_2024251.Persistence.MsSql\A6IZUK_HSZF_2024251.Persistence.MsSql.csproj", "{9E2776F6-30F4-4390-8743-C9CAE349C021}"
EndProject
Project("{9A19103F-16F7-4668-BE54-9A1E7A4F7556}") = "A6IZUK_HSZF_2024251.Test", "A6IZUK_HSZF_2024251.Test\A6IZUK_HSZF_2024251.Test.csproj", "{F89472F3-8E72-481C-89AE-CEBA7E7CA898}"
EndProject
Project("{2150E333-8FDC-42A3-9474-1A3956D46DE8}") = "Presention", "Presention", "{547DCB41-3D2B-42C2-8A6A-B122A33223E6}"
EndProject
Project("{FAE04EC0-301F-11D3-BF4B-00C04F79EFBC}") = "A6IZUK_HSZF_2024251", "A6IZUK_HSZF_2024251\A6IZUK_HSZF_2024251.csproj", "{02E8A523-B477-4A38-8092-603688C5A16F}"
EndProject
Global
	GlobalSection(SolutionConfigurationPlatforms) = preSolution
		Debug|Any CPU = Debug|Any CPU
		Release|Any CPU = Release|Any CPU
	EndGlobalSection
	GlobalSection(ProjectConfigurationPlatforms) = postSolution
		{6F04792B-C4F7-4BD7-945C-9FF077D3902F}.Debug|Any CPU.ActiveCfg = Debug|Any CPU
		{6F04792B-C4F7-4BD7-945C-9FF077D3902F}.Debug|Any CPU.Build.0 = Debug|Any CPU
		{6F04792B-C4F7-4BD7-945C-9FF077D3902F}.Release|Any CPU.ActiveCfg = Release|Any CPU
		{6F04792B-C4F7-4BD7-945C-9FF077D3902F}.Release|Any CPU.Build.0 = Release|Any CPU
		{BAF366CF-C734-426C-877B-E6ADC91AE03F}.Debug|Any CPU.ActiveCfg = Debug|Any CPU
		{BAF366CF-C734-426C-877B-E6ADC91AE03F}.Debug|Any CPU.Build.0 = Debug|Any CPU
		{BAF366CF-C734-426C-877B-E6ADC91AE03F}.Release|Any CPU.ActiveCfg = Release|Any CPU
		{BAF366CF-C734-426C-877B-E6ADC91AE03F}.Release|Any CPU.Build.0 = Release|Any CPU
		{9E2776F6-30F4-4390-8743-C9CAE349C021}.Debug|Any CPU.ActiveCfg = Debug|Any CPU
		{9E2776F6-30F4-4390-8743-C9CAE349C021}.Debug|Any CPU.Build.0 = Debug|Any CPU
		{9E2776F6-30F4-4390-8743-C9CAE349C021}.Release|Any CPU.ActiveCfg = Release|Any CPU
		{9E2776F6-30F4-4390-8743-C9CAE349C021}.Release|Any CPU.Build.0 = Release|Any CPU
		{F89472F3-8E72-481C-89AE-CEBA7E7CA898}.Debug|Any CPU.ActiveCfg = Debug|Any CPU
		{F89472F3-8E72-481C-89AE-CEBA7E7CA898}.Debug|Any CPU.Build.0 = Debug|Any CPU
		{F89472F3-8E72-481C-89AE-CEBA7E7CA898}.Release|Any CPU.ActiveCfg = Release|Any CPU
		{F89472F3-8E72-481C-89AE-CEBA7E7CA898}.Release|Any CPU.Build.0 = Release|Any CPU
		{02E8A523-B477-4A38-8092-603688C5A16F}.Debug|Any CPU.ActiveCfg = Debug|Any CPU
		{02E8A523-B477-4A38-8092-603688C5A16F}.Debug|Any CPU.Build.0 = Debug|Any CPU
		{02E8A523-B477-4A38-8092-603688C5A16F}.Release|Any CPU.ActiveCfg = Release|Any CPU
		{02E8A523-B477-4A38-8092-603688C5A16F}.Release|Any CPU.Build.0 = Release|Any CPU
	EndGlobalSection
	GlobalSection(SolutionProperties) = preSolution
		HideSolutionNode = FALSE
	EndGlobalSection
	GlobalSection(NestedProjects) = preSolution
		{6F04792B-C4F7-4BD7-945C-9FF077D3902F} = {DC1EE7CA-77B6-4C74-8DFB-DC8D6C5AEBD1}
		{BAF366CF-C734-426C-877B-E6ADC91AE03F} = {F009C1D4-91E2-4440-B5EA-793A35801A5C}
		{9E2776F6-30F4-4390-8743-C9CAE349C021} = {94AAF80E-042F-49D3-B187-B82D778F3CC2}
		{F89472F3-8E72-481C-89AE-CEBA7E7CA898} = {BDBE5EE0-FECD-44F6-A15A-B7A38C7E493C}
		{02E8A523-B477-4A38-8092-603688C5A16F} = {547DCB41-3D2B-42C2-8A6A-B122A33223E6}
	EndGlobalSection
	GlobalSection(ExtensibilityGlobals) = postSolution
		SolutionGuid = {D212139D-FB49-4A9D-AAE2-590C4D33CA99}
	EndGlobalSection
EndGlobal
